
Microsoft Visual Studio Solution File, Format Version 12.00
# Visual Studio Version 17
VisualStudioVersion = 17.4.33213.308
MinimumVisualStudioVersion = 10.0.40219.1
Project("{9A19103F-16F7-4668-BE54-9A1E7A4F7556}") = "OCR.API", "OCR.API\OCR.API.csproj", "{80F5AB47-DA92-4A54-9ED9-FFDAB87BDA0E}"
EndProject
Project("{9A19103F-16F7-4668-BE54-9A1E7A4F7556}") = "OCR.DAL", "OCR.DAL\OCR.DAL.csproj", "{79E42F6B-65FE-4A29-9A56-E1D17B1FF83B}"
EndProject
Project("{9A19103F-16F7-4668-BE54-9A1E7A4F7556}") = "OCR.BLL", "OCR.BLL\OCR.BLL.csproj", "{4AE7B7DF-65EF-4F75-94C4-96EA99F036DB}"
EndProject
Project("{FAE04EC0-301F-11D3-BF4B-00C04F79EFBC}") = "OCR.ProcessingImages", "OCR.ProcessingImages\OCR.ProcessingImages.csproj", "{CFF958BC-C0B8-47CB-AAB3-7A3862E91FF6}"
EndProject
Global
	GlobalSection(SolutionConfigurationPlatforms) = preSolution
		Debug|Any CPU = Debug|Any CPU
		Release|Any CPU = Release|Any CPU
	EndGlobalSection
	GlobalSection(ProjectConfigurationPlatforms) = postSolution
		{80F5AB47-DA92-4A54-9ED9-FFDAB87BDA0E}.Debug|Any CPU.ActiveCfg = Debug|Any CPU
		{80F5AB47-DA92-4A54-9ED9-FFDAB87BDA0E}.Debug|Any CPU.Build.0 = Debug|Any CPU
		{80F5AB47-DA92-4A54-9ED9-FFDAB87BDA0E}.Release|Any CPU.ActiveCfg = Release|Any CPU
		{80F5AB47-DA92-4A54-9ED9-FFDAB87BDA0E}.Release|Any CPU.Build.0 = Release|Any CPU
		{79E42F6B-65FE-4A29-9A56-E1D17B1FF83B}.Debug|Any CPU.ActiveCfg = Debug|Any CPU
		{79E42F6B-65FE-4A29-9A56-E1D17B1FF83B}.Debug|Any CPU.Build.0 = Debug|Any CPU
		{79E42F6B-65FE-4A29-9A56-E1D17B1FF83B}.Release|Any CPU.ActiveCfg = Release|Any CPU
		{79E42F6B-65FE-4A29-9A56-E1D17B1FF83B}.Release|Any CPU.Build.0 = Release|Any CPU
		{4AE7B7DF-65EF-4F75-94C4-96EA99F036DB}.Debug|Any CPU.ActiveCfg = Debug|Any CPU
		{4AE7B7DF-65EF-4F75-94C4-96EA99F036DB}.Debug|Any CPU.Build.0 = Debug|Any CPU
		{4AE7B7DF-65EF-4F75-94C4-96EA99F036DB}.Release|Any CPU.ActiveCfg = Release|Any CPU
		{4AE7B7DF-65EF-4F75-94C4-96EA99F036DB}.Release|Any CPU.Build.0 = Release|Any CPU
		{CFF958BC-C0B8-47CB-AAB3-7A3862E91FF6}.Debug|Any CPU.ActiveCfg = Debug|Any CPU
		{CFF958BC-C0B8-47CB-AAB3-7A3862E91FF6}.Debug|Any CPU.Build.0 = Debug|Any CPU
		{CFF958BC-C0B8-47CB-AAB3-7A3862E91FF6}.Release|Any CPU.ActiveCfg = Release|Any CPU
		{CFF958BC-C0B8-47CB-AAB3-7A3862E91FF6}.Release|Any CPU.Build.0 = Release|Any CPU
	EndGlobalSection
	GlobalSection(SolutionProperties) = preSolution
		HideSolutionNode = FALSE
	EndGlobalSection
	GlobalSection(ExtensibilityGlobals) = postSolution
		SolutionGuid = {C71FA8F5-5A51-483D-B94F-9966E2AF1E1E}
	EndGlobalSection
EndGlobal
